
Microsoft Visual Studio Solution File, Format Version 12.00
Project("{FAE04EC0-301F-11D3-BF4B-00C04F79EFBC}") = "EmployeeManagemenSystem", "EmployeeManagemenSystem\EmployeeManagemenSystem.csproj", "{EC7EA61B-FF86-4AF2-8C30-D90F3659A815}"
EndProject
Project("{FAE04EC0-301F-11D3-BF4B-00C04F79EFBC}") = "EmployeeManagementSystem.Tests", "EmployeeManagementSystem.Tests\EmployeeManagementSystem.Tests.csproj", "{DDBA0BEF-B3BC-4C9B-A9F3-BCC5A126AB91}"
EndProject
Global
	GlobalSection(SolutionConfigurationPlatforms) = preSolution
		Debug|Any CPU = Debug|Any CPU
		Debug|x64 = Debug|x64
		Debug|x86 = Debug|x86
		Release|Any CPU = Release|Any CPU
		Release|x64 = Release|x64
		Release|x86 = Release|x86
	EndGlobalSection
	GlobalSection(ProjectConfigurationPlatforms) = postSolution
		{EC7EA61B-FF86-4AF2-8C30-D90F3659A815}.Debug|Any CPU.ActiveCfg = Debug|Any CPU
		{EC7EA61B-FF86-4AF2-8C30-D90F3659A815}.Debug|Any CPU.Build.0 = Debug|Any CPU
		{EC7EA61B-FF86-4AF2-8C30-D90F3659A815}.Debug|x64.ActiveCfg = Debug|Any CPU
		{EC7EA61B-FF86-4AF2-8C30-D90F3659A815}.Debug|x64.Build.0 = Debug|Any CPU
		{EC7EA61B-FF86-4AF2-8C30-D90F3659A815}.Debug|x86.ActiveCfg = Debug|Any CPU
		{EC7EA61B-FF86-4AF2-8C30-D90F3659A815}.Debug|x86.Build.0 = Debug|Any CPU
		{EC7EA61B-FF86-4AF2-8C30-D90F3659A815}.Release|Any CPU.ActiveCfg = Release|Any CPU
		{EC7EA61B-FF86-4AF2-8C30-D90F3659A815}.Release|Any CPU.Build.0 = Release|Any CPU
		{EC7EA61B-FF86-4AF2-8C30-D90F3659A815}.Release|x64.ActiveCfg = Release|Any CPU
		{EC7EA61B-FF86-4AF2-8C30-D90F3659A815}.Release|x64.Build.0 = Release|Any CPU
		{EC7EA61B-FF86-4AF2-8C30-D90F3659A815}.Release|x86.ActiveCfg = Release|Any CPU
		{EC7EA61B-FF86-4AF2-8C30-D90F3659A815}.Release|x86.Build.0 = Release|Any CPU
		{DDBA0BEF-B3BC-4C9B-A9F3-BCC5A126AB91}.Debug|Any CPU.ActiveCfg = Debug|Any CPU
		{DDBA0BEF-B3BC-4C9B-A9F3-BCC5A126AB91}.Debug|Any CPU.Build.0 = Debug|Any CPU
		{DDBA0BEF-B3BC-4C9B-A9F3-BCC5A126AB91}.Debug|x64.ActiveCfg = Debug|Any CPU
		{DDBA0BEF-B3BC-4C9B-A9F3-BCC5A126AB91}.Debug|x64.Build.0 = Debug|Any CPU
		{DDBA0BEF-B3BC-4C9B-A9F3-BCC5A126AB91}.Debug|x86.ActiveCfg = Debug|Any CPU
		{DDBA0BEF-B3BC-4C9B-A9F3-BCC5A126AB91}.Debug|x86.Build.0 = Debug|Any CPU
		{DDBA0BEF-B3BC-4C9B-A9F3-BCC5A126AB91}.Release|Any CPU.ActiveCfg = Release|Any CPU
		{DDBA0BEF-B3BC-4C9B-A9F3-BCC5A126AB91}.Release|Any CPU.Build.0 = Release|Any CPU
		{DDBA0BEF-B3BC-4C9B-A9F3-BCC5A126AB91}.Release|x64.ActiveCfg = Release|Any CPU
		{DDBA0BEF-B3BC-4C9B-A9F3-BCC5A126AB91}.Release|x64.Build.0 = Release|Any CPU
		{DDBA0BEF-B3BC-4C9B-A9F3-BCC5A126AB91}.Release|x86.ActiveCfg = Release|Any CPU
		{DDBA0BEF-B3BC-4C9B-A9F3-BCC5A126AB91}.Release|x86.Build.0 = Release|Any CPU
	EndGlobalSection
	GlobalSection(SolutionProperties) = preSolution
		HideSolutionNode = FALSE
	EndGlobalSection
EndGlobal
